
Microsoft Visual Studio Solution File, Format Version 12.00
# Visual Studio 15
VisualStudioVersion = 15.0.27130.2010
MinimumVisualStudioVersion = 10.0.40219.1
Project("{FAE04EC0-301F-11D3-BF4B-00C04F79EFBC}") = "PicturePicker.Touch", "Vapolia.Mvvmcross.PicturePicker.Touch\PicturePicker.Touch.csproj", "{F13AC09D-9271-4B5E-B152-1F2CF4F50269}"
EndProject
Project("{FAE04EC0-301F-11D3-BF4B-00C04F79EFBC}") = "PicturePicker.Droid", "Vapolia.Mvvmcross.PicturePicker.Droid\PicturePicker.Droid.csproj", "{334B4D60-8E35-47BE-8FFD-88E4DF1E5FB3}"
EndProject
Project("{2150E333-8FDC-42A3-9474-1A3956D46DE8}") = "nuget", "nuget", "{DFCDF5F1-70B8-45E5-867C-3FDED776C601}"
	ProjectSection(SolutionItems) = preProject
		nuget\pack.ps1 = nuget\pack.ps1
		nuget\Vapolia.Mvvmcross.PicturePicker.nuspec = nuget\Vapolia.Mvvmcross.PicturePicker.nuspec
	EndProjectSection
EndProject
Project("{9A19103F-16F7-4668-BE54-9A1E7A4F7556}") = "PicturePicker", "Vapolia.Mvvmcross.PicturePicker\PicturePicker.csproj", "{597F41E0-BBC6-4133-9627-E9BF4C237065}"
EndProject
Project("{FAE04EC0-301F-11D3-BF4B-00C04F79EFBC}") = "PicturePickerTests.Droid", "PicturePickerTests.Droid\PicturePickerTests.Droid.csproj", "{3BC0AC7E-3B3B-4D3F-9CC0-B2BDECC460A6}"
EndProject
Global
	GlobalSection(SolutionConfigurationPlatforms) = preSolution
		Debug|Any CPU = Debug|Any CPU
		Release|Any CPU = Release|Any CPU
	EndGlobalSection
	GlobalSection(ProjectConfigurationPlatforms) = postSolution
		{F13AC09D-9271-4B5E-B152-1F2CF4F50269}.Debug|Any CPU.ActiveCfg = Debug|Any CPU
		{F13AC09D-9271-4B5E-B152-1F2CF4F50269}.Debug|Any CPU.Build.0 = Debug|Any CPU
		{F13AC09D-9271-4B5E-B152-1F2CF4F50269}.Release|Any CPU.ActiveCfg = Release|Any CPU
		{F13AC09D-9271-4B5E-B152-1F2CF4F50269}.Release|Any CPU.Build.0 = Release|Any CPU
		{334B4D60-8E35-47BE-8FFD-88E4DF1E5FB3}.Debug|Any CPU.ActiveCfg = Debug|Any CPU
		{334B4D60-8E35-47BE-8FFD-88E4DF1E5FB3}.Debug|Any CPU.Build.0 = Debug|Any CPU
		{334B4D60-8E35-47BE-8FFD-88E4DF1E5FB3}.Release|Any CPU.ActiveCfg = Release|Any CPU
		{334B4D60-8E35-47BE-8FFD-88E4DF1E5FB3}.Release|Any CPU.Build.0 = Release|Any CPU
		{597F41E0-BBC6-4133-9627-E9BF4C237065}.Debug|Any CPU.ActiveCfg = Debug|Any CPU
		{597F41E0-BBC6-4133-9627-E9BF4C237065}.Debug|Any CPU.Build.0 = Debug|Any CPU
		{597F41E0-BBC6-4133-9627-E9BF4C237065}.Release|Any CPU.ActiveCfg = Release|Any CPU
		{597F41E0-BBC6-4133-9627-E9BF4C237065}.Release|Any CPU.Build.0 = Release|Any CPU
		{3BC0AC7E-3B3B-4D3F-9CC0-B2BDECC460A6}.Debug|Any CPU.ActiveCfg = Debug|Any CPU
		{3BC0AC7E-3B3B-4D3F-9CC0-B2BDECC460A6}.Debug|Any CPU.Build.0 = Debug|Any CPU
		{3BC0AC7E-3B3B-4D3F-9CC0-B2BDECC460A6}.Debug|Any CPU.Deploy.0 = Debug|Any CPU
		{3BC0AC7E-3B3B-4D3F-9CC0-B2BDECC460A6}.Release|Any CPU.ActiveCfg = Release|Any CPU
	EndGlobalSection
	GlobalSection(SolutionProperties) = preSolution
		HideSolutionNode = FALSE
	EndGlobalSection
	GlobalSection(ExtensibilityGlobals) = postSolution
		SolutionGuid = {98563D0E-B0A1-4C12-BE5D-5B6EBB574169}
	EndGlobalSection
EndGlobal
